
Microsoft Visual Studio Solution File, Format Version 12.00
# Visual Studio 2013
VisualStudioVersion = 12.0.31101.0
MinimumVisualStudioVersion = 10.0.40219.1
Project("{2150E333-8FDC-42A3-9474-1A3956D46DE8}") = "Tests", "Tests", "{8736194A-8A9A-419C-B53E-06A11EA78FCB}"
EndProject
Project("{FAE04EC0-301F-11D3-BF4B-00C04F79EFBC}") = "MultithreadDesignPattern", "MultithreadDesignPattern\MultithreadDesignPattern.csproj", "{6CAD61CC-B9BA-4D6D-A007-FF51CFB72A65}"
EndProject
Project("{FAE04EC0-301F-11D3-BF4B-00C04F79EFBC}") = "ProducerConsumer.ConsoleApp", "ProducerConsumer.ConsoleApp\ProducerConsumer.ConsoleApp.csproj", "{693F6440-6B36-4BEE-BC2D-298400235E03}"
EndProject
Project("{FAE04EC0-301F-11D3-BF4B-00C04F79EFBC}") = "ImageSearchTest", "ImageSearchTest\ImageSearchTest.csproj", "{6C8B5E99-44C0-4439-950A-A28EC89F1403}"
EndProject
Project("{FAE04EC0-301F-11D3-BF4B-00C04F79EFBC}") = "ImageProcessor.SimpleWorker", "ImageProcessor.SimpleWorker\ImageProcessor.SimpleWorker.csproj", "{7BD7A9BB-7BAF-4425-AB92-169ACD1E29BC}"
EndProject
Project("{FAE04EC0-301F-11D3-BF4B-00C04F79EFBC}") = "ImageProcessor.MultithreadWorker", "ImageProcessor.MultithreadWorker\ImageProcessor.MultithreadWorker.csproj", "{9004BFD8-DBB7-4987-B882-12CAD72B64BF}"
EndProject
Project("{FAE04EC0-301F-11D3-BF4B-00C04F79EFBC}") = "ImageSearch", "ImageSearch\ImageSearch.csproj", "{9F773F5E-C448-4EA6-B0B4-5707018D3FF6}"
EndProject
Project("{FAE04EC0-301F-11D3-BF4B-00C04F79EFBC}") = "ImageProcessor.Web", "ImageProcessor.Web\ImageProcessor.Web.csproj", "{8A7DC361-E1B3-41FE-84B8-9895C789D918}"
EndProject
Project("{FAE04EC0-301F-11D3-BF4B-00C04F79EFBC}") = "ImageProcessor.Admin", "ImageProcessor.Admin\ImageProcessor.Admin.csproj", "{BA70DF92-F730-4B07-A6C3-0F5CE16A8F75}"
EndProject
Project("{FAE04EC0-301F-11D3-BF4B-00C04F79EFBC}") = "ImageProcessor.SearchWorker", "ImageProcessor.SearchWorker\ImageProcessor.SearchWorker.csproj", "{BFF7022F-0A34-4B8E-923F-C0A551B4F6E9}"
EndProject
Project("{FAE04EC0-301F-11D3-BF4B-00C04F79EFBC}") = "ImageProcessor.Core", "ImageProcessor.Core\ImageProcessor.Core.csproj", "{139DFC32-67BE-417D-A384-72338921B31D}"
EndProject
Project("{2150E333-8FDC-42A3-9474-1A3956D46DE8}") = ".nuget", ".nuget", "{D34C57CA-0475-45B2-9A42-05F38ABDB60D}"
	ProjectSection(SolutionItems) = preProject
		.nuget\NuGet.Config = .nuget\NuGet.Config
		.nuget\NuGet.exe = .nuget\NuGet.exe
		.nuget\NuGet.targets = .nuget\NuGet.targets
	EndProjectSection
EndProject
Global
	GlobalSection(SolutionConfigurationPlatforms) = preSolution
		Debug|Any CPU = Debug|Any CPU
		Release|Any CPU = Release|Any CPU
	EndGlobalSection
	GlobalSection(ProjectConfigurationPlatforms) = postSolution
		{6CAD61CC-B9BA-4D6D-A007-FF51CFB72A65}.Debug|Any CPU.ActiveCfg = Debug|Any CPU
		{6CAD61CC-B9BA-4D6D-A007-FF51CFB72A65}.Debug|Any CPU.Build.0 = Debug|Any CPU
		{6CAD61CC-B9BA-4D6D-A007-FF51CFB72A65}.Release|Any CPU.ActiveCfg = Release|Any CPU
		{6CAD61CC-B9BA-4D6D-A007-FF51CFB72A65}.Release|Any CPU.Build.0 = Release|Any CPU
		{693F6440-6B36-4BEE-BC2D-298400235E03}.Debug|Any CPU.ActiveCfg = Debug|Any CPU
		{693F6440-6B36-4BEE-BC2D-298400235E03}.Debug|Any CPU.Build.0 = Debug|Any CPU
		{693F6440-6B36-4BEE-BC2D-298400235E03}.Release|Any CPU.ActiveCfg = Release|Any CPU
		{693F6440-6B36-4BEE-BC2D-298400235E03}.Release|Any CPU.Build.0 = Release|Any CPU
		{6C8B5E99-44C0-4439-950A-A28EC89F1403}.Debug|Any CPU.ActiveCfg = Debug|Any CPU
		{6C8B5E99-44C0-4439-950A-A28EC89F1403}.Debug|Any CPU.Build.0 = Debug|Any CPU
		{6C8B5E99-44C0-4439-950A-A28EC89F1403}.Release|Any CPU.ActiveCfg = Release|Any CPU
		{6C8B5E99-44C0-4439-950A-A28EC89F1403}.Release|Any CPU.Build.0 = Release|Any CPU
		{7BD7A9BB-7BAF-4425-AB92-169ACD1E29BC}.Debug|Any CPU.ActiveCfg = Debug|Any CPU
		{7BD7A9BB-7BAF-4425-AB92-169ACD1E29BC}.Debug|Any CPU.Build.0 = Debug|Any CPU
		{7BD7A9BB-7BAF-4425-AB92-169ACD1E29BC}.Release|Any CPU.ActiveCfg = Release|Any CPU
		{7BD7A9BB-7BAF-4425-AB92-169ACD1E29BC}.Release|Any CPU.Build.0 = Release|Any CPU
		{9004BFD8-DBB7-4987-B882-12CAD72B64BF}.Debug|Any CPU.ActiveCfg = Debug|Any CPU
		{9004BFD8-DBB7-4987-B882-12CAD72B64BF}.Debug|Any CPU.Build.0 = Debug|Any CPU
		{9004BFD8-DBB7-4987-B882-12CAD72B64BF}.Release|Any CPU.ActiveCfg = Release|Any CPU
		{9004BFD8-DBB7-4987-B882-12CAD72B64BF}.Release|Any CPU.Build.0 = Release|Any CPU
		{9F773F5E-C448-4EA6-B0B4-5707018D3FF6}.Debug|Any CPU.ActiveCfg = Debug|Any CPU
		{9F773F5E-C448-4EA6-B0B4-5707018D3FF6}.Debug|Any CPU.Build.0 = Debug|Any CPU
		{9F773F5E-C448-4EA6-B0B4-5707018D3FF6}.Release|Any CPU.ActiveCfg = Release|Any CPU
		{9F773F5E-C448-4EA6-B0B4-5707018D3FF6}.Release|Any CPU.Build.0 = Release|Any CPU
		{8A7DC361-E1B3-41FE-84B8-9895C789D918}.Debug|Any CPU.ActiveCfg = Debug|Any CPU
		{8A7DC361-E1B3-41FE-84B8-9895C789D918}.Debug|Any CPU.Build.0 = Debug|Any CPU
		{8A7DC361-E1B3-41FE-84B8-9895C789D918}.Release|Any CPU.ActiveCfg = Release|Any CPU
		{8A7DC361-E1B3-41FE-84B8-9895C789D918}.Release|Any CPU.Build.0 = Release|Any CPU
		{BA70DF92-F730-4B07-A6C3-0F5CE16A8F75}.Debug|Any CPU.ActiveCfg = Debug|Any CPU
		{BA70DF92-F730-4B07-A6C3-0F5CE16A8F75}.Debug|Any CPU.Build.0 = Debug|Any CPU
		{BA70DF92-F730-4B07-A6C3-0F5CE16A8F75}.Release|Any CPU.ActiveCfg = Release|Any CPU
		{BA70DF92-F730-4B07-A6C3-0F5CE16A8F75}.Release|Any CPU.Build.0 = Release|Any CPU
		{BFF7022F-0A34-4B8E-923F-C0A551B4F6E9}.Debug|Any CPU.ActiveCfg = Debug|Any CPU
		{BFF7022F-0A34-4B8E-923F-C0A551B4F6E9}.Debug|Any CPU.Build.0 = Debug|Any CPU
		{BFF7022F-0A34-4B8E-923F-C0A551B4F6E9}.Release|Any CPU.ActiveCfg = Release|Any CPU
		{BFF7022F-0A34-4B8E-923F-C0A551B4F6E9}.Release|Any CPU.Build.0 = Release|Any CPU
		{139DFC32-67BE-417D-A384-72338921B31D}.Debug|Any CPU.ActiveCfg = Debug|Any CPU
		{139DFC32-67BE-417D-A384-72338921B31D}.Debug|Any CPU.Build.0 = Debug|Any CPU
		{139DFC32-67BE-417D-A384-72338921B31D}.Release|Any CPU.ActiveCfg = Release|Any CPU
		{139DFC32-67BE-417D-A384-72338921B31D}.Release|Any CPU.Build.0 = Release|Any CPU
	EndGlobalSection
	GlobalSection(SolutionProperties) = preSolution
		HideSolutionNode = FALSE
	EndGlobalSection
	GlobalSection(NestedProjects) = preSolution
		{693F6440-6B36-4BEE-BC2D-298400235E03} = {8736194A-8A9A-419C-B53E-06A11EA78FCB}
		{6C8B5E99-44C0-4439-950A-A28EC89F1403} = {8736194A-8A9A-419C-B53E-06A11EA78FCB}
	EndGlobalSection
EndGlobal
