
Microsoft Visual Studio Solution File, Format Version 12.00
# Visual Studio 2013
VisualStudioVersion = 12.0.30501.0
MinimumVisualStudioVersion = 10.0.40219.1
Project("{FAE04EC0-301F-11D3-BF4B-00C04F79EFBC}") = "MultithreadDesignPattern", "MultithreadDesignPattern\MultithreadDesignPattern.csproj", "{6CAD61CC-B9BA-4D6D-A007-FF51CFB72A65}"
EndProject
Project("{FAE04EC0-301F-11D3-BF4B-00C04F79EFBC}") = "ProducerConsumer.ConsoleApp", "ProducerConsumer.ConsoleApp\ProducerConsumer.ConsoleApp.csproj", "{693F6440-6B36-4BEE-BC2D-298400235E03}"
EndProject
Project("{FAE04EC0-301F-11D3-BF4B-00C04F79EFBC}") = "ImageSearchTest", "ImageSearchTest\ImageSearchTest.csproj", "{6C8B5E99-44C0-4439-950A-A28EC89F1403}"
EndProject
Global
	GlobalSection(SolutionConfigurationPlatforms) = preSolution
		Debug|Any CPU = Debug|Any CPU
		Release|Any CPU = Release|Any CPU
	EndGlobalSection
	GlobalSection(ProjectConfigurationPlatforms) = postSolution
		{6CAD61CC-B9BA-4D6D-A007-FF51CFB72A65}.Debug|Any CPU.ActiveCfg = Debug|Any CPU
		{6CAD61CC-B9BA-4D6D-A007-FF51CFB72A65}.Debug|Any CPU.Build.0 = Debug|Any CPU
		{6CAD61CC-B9BA-4D6D-A007-FF51CFB72A65}.Release|Any CPU.ActiveCfg = Release|Any CPU
		{6CAD61CC-B9BA-4D6D-A007-FF51CFB72A65}.Release|Any CPU.Build.0 = Release|Any CPU
		{693F6440-6B36-4BEE-BC2D-298400235E03}.Debug|Any CPU.ActiveCfg = Debug|Any CPU
		{693F6440-6B36-4BEE-BC2D-298400235E03}.Debug|Any CPU.Build.0 = Debug|Any CPU
		{693F6440-6B36-4BEE-BC2D-298400235E03}.Release|Any CPU.ActiveCfg = Release|Any CPU
		{693F6440-6B36-4BEE-BC2D-298400235E03}.Release|Any CPU.Build.0 = Release|Any CPU
		{6C8B5E99-44C0-4439-950A-A28EC89F1403}.Debug|Any CPU.ActiveCfg = Debug|Any CPU
		{6C8B5E99-44C0-4439-950A-A28EC89F1403}.Debug|Any CPU.Build.0 = Debug|Any CPU
		{6C8B5E99-44C0-4439-950A-A28EC89F1403}.Release|Any CPU.ActiveCfg = Release|Any CPU
		{6C8B5E99-44C0-4439-950A-A28EC89F1403}.Release|Any CPU.Build.0 = Release|Any CPU
	EndGlobalSection
	GlobalSection(SolutionProperties) = preSolution
		HideSolutionNode = FALSE
	EndGlobalSection
EndGlobal
